// !$*UTF8*$!
{
	archiveVersion = 1;
	classes = {
	};
	objectVersion = 55;
	objects = {

/* Begin PBXBuildFile section */
		EA0BBFD5270C88C300C01D89 /* ChatVC.swift in Sources */ = {isa = PBXBuildFile; fileRef = EA0BBFD4270C88C300C01D89 /* ChatVC.swift */; };
		EA0BBFD7270C89A800C01D89 /* AudioUnit.swift in Sources */ = {isa = PBXBuildFile; fileRef = EA0BBFD6270C89A800C01D89 /* AudioUnit.swift */; };
		EA0BBFD9270C929200C01D89 /* AudioUnitExt.swift in Sources */ = {isa = PBXBuildFile; fileRef = EA0BBFD8270C929200C01D89 /* AudioUnitExt.swift */; };
		EA2DC9452707548B007919C1 /* opus_mic_swiftApp.swift in Sources */ = {isa = PBXBuildFile; fileRef = EA2DC9442707548B007919C1 /* opus_mic_swiftApp.swift */; };
		EA2DC9472707548B007919C1 /* ContentView.swift in Sources */ = {isa = PBXBuildFile; fileRef = EA2DC9462707548B007919C1 /* ContentView.swift */; };
		EA2DC9492707548C007919C1 /* Assets.xcassets in Resources */ = {isa = PBXBuildFile; fileRef = EA2DC9482707548C007919C1 /* Assets.xcassets */; };
		EA2DC94C2707548C007919C1 /* Preview Assets.xcassets in Resources */ = {isa = PBXBuildFile; fileRef = EA2DC94B2707548C007919C1 /* Preview Assets.xcassets */; };
		EA2DC9562707548D007919C1 /* opus_mic_swiftTests.swift in Sources */ = {isa = PBXBuildFile; fileRef = EA2DC9552707548D007919C1 /* opus_mic_swiftTests.swift */; };
		EA2DC9602707548D007919C1 /* opus_mic_swiftUITests.swift in Sources */ = {isa = PBXBuildFile; fileRef = EA2DC95F2707548D007919C1 /* opus_mic_swiftUITests.swift */; };
		EA2DC9622707548D007919C1 /* opus_mic_swiftUITestsLaunchTests.swift in Sources */ = {isa = PBXBuildFile; fileRef = EA2DC9612707548D007919C1 /* opus_mic_swiftUITestsLaunchTests.swift */; };
		EA2DC97027075504007919C1 /* MicRecord.swift in Sources */ = {isa = PBXBuildFile; fileRef = EA2DC96E27075504007919C1 /* MicRecord.swift */; };
		EA2DC97127075504007919C1 /* AudioRec.swift in Sources */ = {isa = PBXBuildFile; fileRef = EA2DC96F27075504007919C1 /* AudioRec.swift */; };
/* End PBXBuildFile section */

/* Begin PBXContainerItemProxy section */
		EA2DC9522707548D007919C1 /* PBXContainerItemProxy */ = {
			isa = PBXContainerItemProxy;
			containerPortal = EA2DC9392707548B007919C1 /* Project object */;
			proxyType = 1;
			remoteGlobalIDString = EA2DC9402707548B007919C1;
			remoteInfo = "opus-mic-swift";
		};
		EA2DC95C2707548D007919C1 /* PBXContainerItemProxy */ = {
			isa = PBXContainerItemProxy;
			containerPortal = EA2DC9392707548B007919C1 /* Project object */;
			proxyType = 1;
			remoteGlobalIDString = EA2DC9402707548B007919C1;
			remoteInfo = "opus-mic-swift";
		};
/* End PBXContainerItemProxy section */

/* Begin PBXFileReference section */
		EA0BBFD4270C88C300C01D89 /* ChatVC.swift */ = {isa = PBXFileReference; lastKnownFileType = sourcecode.swift; path = ChatVC.swift; sourceTree = "<group>"; };
		EA0BBFD6270C89A800C01D89 /* AudioUnit.swift */ = {isa = PBXFileReference; lastKnownFileType = sourcecode.swift; path = AudioUnit.swift; sourceTree = "<group>"; };
		EA0BBFD8270C929200C01D89 /* AudioUnitExt.swift */ = {isa = PBXFileReference; lastKnownFileType = sourcecode.swift; path = AudioUnitExt.swift; sourceTree = "<group>"; };
		EA2DC9412707548B007919C1 /* opus-mic-swift.app */ = {isa = PBXFileReference; explicitFileType = wrapper.application; includeInIndex = 0; path = "opus-mic-swift.app"; sourceTree = BUILT_PRODUCTS_DIR; };
		EA2DC9442707548B007919C1 /* opus_mic_swiftApp.swift */ = {isa = PBXFileReference; lastKnownFileType = sourcecode.swift; path = opus_mic_swiftApp.swift; sourceTree = "<group>"; };
		EA2DC9462707548B007919C1 /* ContentView.swift */ = {isa = PBXFileReference; lastKnownFileType = sourcecode.swift; path = ContentView.swift; sourceTree = "<group>"; };
		EA2DC9482707548C007919C1 /* Assets.xcassets */ = {isa = PBXFileReference; lastKnownFileType = folder.assetcatalog; path = Assets.xcassets; sourceTree = "<group>"; };
		EA2DC94B2707548C007919C1 /* Preview Assets.xcassets */ = {isa = PBXFileReference; lastKnownFileType = folder.assetcatalog; path = "Preview Assets.xcassets"; sourceTree = "<group>"; };
		EA2DC9512707548D007919C1 /* opus-mic-swiftTests.xctest */ = {isa = PBXFileReference; explicitFileType = wrapper.cfbundle; includeInIndex = 0; path = "opus-mic-swiftTests.xctest"; sourceTree = BUILT_PRODUCTS_DIR; };
		EA2DC9552707548D007919C1 /* opus_mic_swiftTests.swift */ = {isa = PBXFileReference; lastKnownFileType = sourcecode.swift; path = opus_mic_swiftTests.swift; sourceTree = "<group>"; };
		EA2DC95B2707548D007919C1 /* opus-mic-swiftUITests.xctest */ = {isa = PBXFileReference; explicitFileType = wrapper.cfbundle; includeInIndex = 0; path = "opus-mic-swiftUITests.xctest"; sourceTree = BUILT_PRODUCTS_DIR; };
		EA2DC95F2707548D007919C1 /* opus_mic_swiftUITests.swift */ = {isa = PBXFileReference; lastKnownFileType = sourcecode.swift; path = opus_mic_swiftUITests.swift; sourceTree = "<group>"; };
		EA2DC9612707548D007919C1 /* opus_mic_swiftUITestsLaunchTests.swift */ = {isa = PBXFileReference; lastKnownFileType = sourcecode.swift; path = opus_mic_swiftUITestsLaunchTests.swift; sourceTree = "<group>"; };
		EA2DC96E27075504007919C1 /* MicRecord.swift */ = {isa = PBXFileReference; fileEncoding = 4; lastKnownFileType = sourcecode.swift; path = MicRecord.swift; sourceTree = "<group>"; };
		EA2DC96F27075504007919C1 /* AudioRec.swift */ = {isa = PBXFileReference; fileEncoding = 4; lastKnownFileType = sourcecode.swift; path = AudioRec.swift; sourceTree = "<group>"; };
		EA2DC9722707554B007919C1 /* Info.plist */ = {isa = PBXFileReference; lastKnownFileType = text.plist; path = Info.plist; sourceTree = "<group>"; };
/* End PBXFileReference section */

/* Begin PBXFrameworksBuildPhase section */
		EA2DC93E2707548B007919C1 /* Frameworks */ = {
			isa = PBXFrameworksBuildPhase;
			buildActionMask = 2147483647;
			files = (
			);
			runOnlyForDeploymentPostprocessing = 0;
		};
		EA2DC94E2707548D007919C1 /* Frameworks */ = {
			isa = PBXFrameworksBuildPhase;
			buildActionMask = 2147483647;
			files = (
			);
			runOnlyForDeploymentPostprocessing = 0;
		};
		EA2DC9582707548D007919C1 /* Frameworks */ = {
			isa = PBXFrameworksBuildPhase;
			buildActionMask = 2147483647;
			files = (
			);
			runOnlyForDeploymentPostprocessing = 0;
		};
/* End PBXFrameworksBuildPhase section */

/* Begin PBXGroup section */
		EA0BBFDA270C96EA00C01D89 /* Frameworks */ = {
			isa = PBXGroup;
			children = (
			);
			name = Frameworks;
			sourceTree = "<group>";
		};
		EA2DC9382707548B007919C1 = {
			isa = PBXGroup;
			children = (
				EA2DC9432707548B007919C1 /* opus-mic-swift */,
				EA2DC9542707548D007919C1 /* opus-mic-swiftTests */,
				EA2DC95E2707548D007919C1 /* opus-mic-swiftUITests */,
				EA2DC9422707548B007919C1 /* Products */,
				EA0BBFDA270C96EA00C01D89 /* Frameworks */,
			);
			sourceTree = "<group>";
		};
		EA2DC9422707548B007919C1 /* Products */ = {
			isa = PBXGroup;
			children = (
				EA2DC9412707548B007919C1 /* opus-mic-swift.app */,
				EA2DC9512707548D007919C1 /* opus-mic-swiftTests.xctest */,
				EA2DC95B2707548D007919C1 /* opus-mic-swiftUITests.xctest */,
			);
			name = Products;
			sourceTree = "<group>";
		};
		EA2DC9432707548B007919C1 /* opus-mic-swift */ = {
			isa = PBXGroup;
			children = (
				EA2DC9722707554B007919C1 /* Info.plist */,
				EA2DC96F27075504007919C1 /* AudioRec.swift */,
				EA2DC96E27075504007919C1 /* MicRecord.swift */,
				EA2DC9442707548B007919C1 /* opus_mic_swiftApp.swift */,
				EA2DC9462707548B007919C1 /* ContentView.swift */,
				EA2DC9482707548C007919C1 /* Assets.xcassets */,
				EA2DC94A2707548C007919C1 /* Preview Content */,
				EA0BBFD4270C88C300C01D89 /* ChatVC.swift */,
				EA0BBFD6270C89A800C01D89 /* AudioUnit.swift */,
				EA0BBFD8270C929200C01D89 /* AudioUnitExt.swift */,
			);
			path = "opus-mic-swift";
			sourceTree = "<group>";
		};
		EA2DC94A2707548C007919C1 /* Preview Content */ = {
			isa = PBXGroup;
			children = (
				EA2DC94B2707548C007919C1 /* Preview Assets.xcassets */,
			);
			path = "Preview Content";
			sourceTree = "<group>";
		};
		EA2DC9542707548D007919C1 /* opus-mic-swiftTests */ = {
			isa = PBXGroup;
			children = (
				EA2DC9552707548D007919C1 /* opus_mic_swiftTests.swift */,
			);
			path = "opus-mic-swiftTests";
			sourceTree = "<group>";
		};
		EA2DC95E2707548D007919C1 /* opus-mic-swiftUITests */ = {
			isa = PBXGroup;
			children = (
				EA2DC95F2707548D007919C1 /* opus_mic_swiftUITests.swift */,
				EA2DC9612707548D007919C1 /* opus_mic_swiftUITestsLaunchTests.swift */,
			);
			path = "opus-mic-swiftUITests";
			sourceTree = "<group>";
		};
/* End PBXGroup section */

/* Begin PBXNativeTarget section */
		EA2DC9402707548B007919C1 /* opus-mic-swift */ = {
			isa = PBXNativeTarget;
			buildConfigurationList = EA2DC9652707548D007919C1 /* Build configuration list for PBXNativeTarget "opus-mic-swift" */;
			buildPhases = (
				EA2DC93D2707548B007919C1 /* Sources */,
				EA2DC93E2707548B007919C1 /* Frameworks */,
				EA2DC93F2707548B007919C1 /* Resources */,
			);
			buildRules = (
			);
			dependencies = (
			);
			name = "opus-mic-swift";
			productName = "opus-mic-swift";
			productReference = EA2DC9412707548B007919C1 /* opus-mic-swift.app */;
			productType = "com.apple.product-type.application";
		};
		EA2DC9502707548D007919C1 /* opus-mic-swiftTests */ = {
			isa = PBXNativeTarget;
			buildConfigurationList = EA2DC9682707548D007919C1 /* Build configuration list for PBXNativeTarget "opus-mic-swiftTests" */;
			buildPhases = (
				EA2DC94D2707548D007919C1 /* Sources */,
				EA2DC94E2707548D007919C1 /* Frameworks */,
				EA2DC94F2707548D007919C1 /* Resources */,
			);
			buildRules = (
			);
			dependencies = (
				EA2DC9532707548D007919C1 /* PBXTargetDependency */,
			);
			name = "opus-mic-swiftTests";
			productName = "opus-mic-swiftTests";
			productReference = EA2DC9512707548D007919C1 /* opus-mic-swiftTests.xctest */;
			productType = "com.apple.product-type.bundle.unit-test";
		};
		EA2DC95A2707548D007919C1 /* opus-mic-swiftUITests */ = {
			isa = PBXNativeTarget;
			buildConfigurationList = EA2DC96B2707548D007919C1 /* Build configuration list for PBXNativeTarget "opus-mic-swiftUITests" */;
			buildPhases = (
				EA2DC9572707548D007919C1 /* Sources */,
				EA2DC9582707548D007919C1 /* Frameworks */,
				EA2DC9592707548D007919C1 /* Resources */,
			);
			buildRules = (
			);
			dependencies = (
				EA2DC95D2707548D007919C1 /* PBXTargetDependency */,
			);
			name = "opus-mic-swiftUITests";
			productName = "opus-mic-swiftUITests";
			productReference = EA2DC95B2707548D007919C1 /* opus-mic-swiftUITests.xctest */;
			productType = "com.apple.product-type.bundle.ui-testing";
		};
/* End PBXNativeTarget section */

/* Begin PBXProject section */
		EA2DC9392707548B007919C1 /* Project object */ = {
			isa = PBXProject;
			attributes = {
				BuildIndependentTargetsInParallel = 1;
				LastSwiftUpdateCheck = 1300;
				LastUpgradeCheck = 1300;
				TargetAttributes = {
					EA2DC9402707548B007919C1 = {
						CreatedOnToolsVersion = 13.0;
					};
					EA2DC9502707548D007919C1 = {
						CreatedOnToolsVersion = 13.0;
						TestTargetID = EA2DC9402707548B007919C1;
					};
					EA2DC95A2707548D007919C1 = {
						CreatedOnToolsVersion = 13.0;
						TestTargetID = EA2DC9402707548B007919C1;
					};
				};
			};
			buildConfigurationList = EA2DC93C2707548B007919C1 /* Build configuration list for PBXProject "opus-mic-swift" */;
			compatibilityVersion = "Xcode 13.0";
			developmentRegion = en;
			hasScannedForEncodings = 0;
			knownRegions = (
				en,
				Base,
			);
			mainGroup = EA2DC9382707548B007919C1;
			productRefGroup = EA2DC9422707548B007919C1 /* Products */;
			projectDirPath = "";
			projectRoot = "";
			targets = (
				EA2DC9402707548B007919C1 /* opus-mic-swift */,
				EA2DC9502707548D007919C1 /* opus-mic-swiftTests */,
				EA2DC95A2707548D007919C1 /* opus-mic-swiftUITests */,
			);
		};
/* End PBXProject section */

/* Begin PBXResourcesBuildPhase section */
		EA2DC93F2707548B007919C1 /* Resources */ = {
			isa = PBXResourcesBuildPhase;
			buildActionMask = 2147483647;
			files = (
				EA2DC94C2707548C007919C1 /* Preview Assets.xcassets in Resources */,
				EA2DC9492707548C007919C1 /* Assets.xcassets in Resources */,
			);
			runOnlyForDeploymentPostprocessing = 0;
		};
		EA2DC94F2707548D007919C1 /* Resources */ = {
			isa = PBXResourcesBuildPhase;
			buildActionMask = 2147483647;
			files = (
			);
			runOnlyForDeploymentPostprocessing = 0;
		};
		EA2DC9592707548D007919C1 /* Resources */ = {
			isa = PBXResourcesBuildPhase;
			buildActionMask = 2147483647;
			files = (
			);
			runOnlyForDeploymentPostprocessing = 0;
		};
/* End PBXResourcesBuildPhase section */

/* Begin PBXSourcesBuildPhase section */
		EA2DC93D2707548B007919C1 /* Sources */ = {
			isa = PBXSourcesBuildPhase;
			buildActionMask = 2147483647;
			files = (
				EA0BBFD7270C89A800C01D89 /* AudioUnit.swift in Sources */,
				EA2DC9472707548B007919C1 /* ContentView.swift in Sources */,
				EA2DC97127075504007919C1 /* AudioRec.swift in Sources */,
				EA2DC97027075504007919C1 /* MicRecord.swift in Sources */,
				EA2DC9452707548B007919C1 /* opus_mic_swiftApp.swift in Sources */,
				EA0BBFD9270C929200C01D89 /* AudioUnitExt.swift in Sources */,
				EA0BBFD5270C88C300C01D89 /* ChatVC.swift in Sources */,
			);
			runOnlyForDeploymentPostprocessing = 0;
		};
		EA2DC94D2707548D007919C1 /* Sources */ = {
			isa = PBXSourcesBuildPhase;
			buildActionMask = 2147483647;
			files = (
				EA2DC9562707548D007919C1 /* opus_mic_swiftTests.swift in Sources */,
			);
			runOnlyForDeploymentPostprocessing = 0;
		};
		EA2DC9572707548D007919C1 /* Sources */ = {
			isa = PBXSourcesBuildPhase;
			buildActionMask = 2147483647;
			files = (
				EA2DC9602707548D007919C1 /* opus_mic_swiftUITests.swift in Sources */,
				EA2DC9622707548D007919C1 /* opus_mic_swiftUITestsLaunchTests.swift in Sources */,
			);
			runOnlyForDeploymentPostprocessing = 0;
		};
/* End PBXSourcesBuildPhase section */

/* Begin PBXTargetDependency section */
		EA2DC9532707548D007919C1 /* PBXTargetDependency */ = {
			isa = PBXTargetDependency;
			target = EA2DC9402707548B007919C1 /* opus-mic-swift */;
			targetProxy = EA2DC9522707548D007919C1 /* PBXContainerItemProxy */;
		};
		EA2DC95D2707548D007919C1 /* PBXTargetDependency */ = {
			isa = PBXTargetDependency;
			target = EA2DC9402707548B007919C1 /* opus-mic-swift */;
			targetProxy = EA2DC95C2707548D007919C1 /* PBXContainerItemProxy */;
		};
/* End PBXTargetDependency section */

/* Begin XCBuildConfiguration section */
		EA2DC9632707548D007919C1 /* Debug */ = {
			isa = XCBuildConfiguration;
			buildSettings = {
				ALWAYS_SEARCH_USER_PATHS = NO;
				CLANG_ANALYZER_NONNULL = YES;
				CLANG_ANALYZER_NUMBER_OBJECT_CONVERSION = YES_AGGRESSIVE;
				CLANG_CXX_LANGUAGE_STANDARD = "gnu++17";
				CLANG_CXX_LIBRARY = "libc++";
				CLANG_ENABLE_MODULES = YES;
				CLANG_ENABLE_OBJC_ARC = YES;
				CLANG_ENABLE_OBJC_WEAK = YES;
				CLANG_WARN_BLOCK_CAPTURE_AUTORELEASING = YES;
				CLANG_WARN_BOOL_CONVERSION = YES;
				CLANG_WARN_COMMA = YES;
				CLANG_WARN_CONSTANT_CONVERSION = YES;
				CLANG_WARN_DEPRECATED_OBJC_IMPLEMENTATIONS = YES;
				CLANG_WARN_DIRECT_OBJC_ISA_USAGE = YES_ERROR;
				CLANG_WARN_DOCUMENTATION_COMMENTS = YES;
				CLANG_WARN_EMPTY_BODY = YES;
				CLANG_WARN_ENUM_CONVERSION = YES;
				CLANG_WARN_INFINITE_RECURSION = YES;
				CLANG_WARN_INT_CONVERSION = YES;
				CLANG_WARN_NON_LITERAL_NULL_CONVERSION = YES;
				CLANG_WARN_OBJC_IMPLICIT_RETAIN_SELF = YES;
				CLANG_WARN_OBJC_LITERAL_CONVERSION = YES;
				CLANG_WARN_OBJC_ROOT_CLASS = YES_ERROR;
				CLANG_WARN_QUOTED_INCLUDE_IN_FRAMEWORK_HEADER = YES;
				CLANG_WARN_RANGE_LOOP_ANALYSIS = YES;
				CLANG_WARN_STRICT_PROTOTYPES = YES;
				CLANG_WARN_SUSPICIOUS_MOVE = YES;
				CLANG_WARN_UNGUARDED_AVAILABILITY = YES_AGGRESSIVE;
				CLANG_WARN_UNREACHABLE_CODE = YES;
				CLANG_WARN__DUPLICATE_METHOD_MATCH = YES;
				COPY_PHASE_STRIP = NO;
				DEBUG_INFORMATION_FORMAT = dwarf;
				ENABLE_STRICT_OBJC_MSGSEND = YES;
				ENABLE_TESTABILITY = YES;
				GCC_C_LANGUAGE_STANDARD = gnu11;
				GCC_DYNAMIC_NO_PIC = NO;
				GCC_NO_COMMON_BLOCKS = YES;
				GCC_OPTIMIZATION_LEVEL = 0;
				GCC_PREPROCESSOR_DEFINITIONS = (
					"DEBUG=1",
					"$(inherited)",
				);
				GCC_WARN_64_TO_32_BIT_CONVERSION = YES;
				GCC_WARN_ABOUT_RETURN_TYPE = YES_ERROR;
				GCC_WARN_UNDECLARED_SELECTOR = YES;
				GCC_WARN_UNINITIALIZED_AUTOS = YES_AGGRESSIVE;
				GCC_WARN_UNUSED_FUNCTION = YES;
				GCC_WARN_UNUSED_VARIABLE = YES;
				IPHONEOS_DEPLOYMENT_TARGET = 15.0;
				MTL_ENABLE_DEBUG_INFO = INCLUDE_SOURCE;
				MTL_FAST_MATH = YES;
				ONLY_ACTIVE_ARCH = YES;
				SDKROOT = iphoneos;
				SWIFT_ACTIVE_COMPILATION_CONDITIONS = DEBUG;
				SWIFT_OPTIMIZATION_LEVEL = "-Onone";
			};
			name = Debug;
		};
		EA2DC9642707548D007919C1 /* Release */ = {
			isa = XCBuildConfiguration;
			buildSettings = {
				ALWAYS_SEARCH_USER_PATHS = NO;
				CLANG_ANALYZER_NONNULL = YES;
				CLANG_ANALYZER_NUMBER_OBJECT_CONVERSION = YES_AGGRESSIVE;
				CLANG_CXX_LANGUAGE_STANDARD = "gnu++17";
				CLANG_CXX_LIBRARY = "libc++";
				CLANG_ENABLE_MODULES = YES;
				CLANG_ENABLE_OBJC_ARC = YES;
				CLANG_ENABLE_OBJC_WEAK = YES;
				CLANG_WARN_BLOCK_CAPTURE_AUTORELEASING = YES;
				CLANG_WARN_BOOL_CONVERSION = YES;
				CLANG_WARN_COMMA = YES;
				CLANG_WARN_CONSTANT_CONVERSION = YES;
				CLANG_WARN_DEPRECATED_OBJC_IMPLEMENTATIONS = YES;
				CLANG_WARN_DIRECT_OBJC_ISA_USAGE = YES_ERROR;
				CLANG_WARN_DOCUMENTATION_COMMENTS = YES;
				CLANG_WARN_EMPTY_BODY = YES;
				CLANG_WARN_ENUM_CONVERSION = YES;
				CLANG_WARN_INFINITE_RECURSION = YES;
				CLANG_WARN_INT_CONVERSION = YES;
				CLANG_WARN_NON_LITERAL_NULL_CONVERSION = YES;
				CLANG_WARN_OBJC_IMPLICIT_RETAIN_SELF = YES;
				CLANG_WARN_OBJC_LITERAL_CONVERSION = YES;
				CLANG_WARN_OBJC_ROOT_CLASS = YES_ERROR;
				CLANG_WARN_QUOTED_INCLUDE_IN_FRAMEWORK_HEADER = YES;
				CLANG_WARN_RANGE_LOOP_ANALYSIS = YES;
				CLANG_WARN_STRICT_PROTOTYPES = YES;
				CLANG_WARN_SUSPICIOUS_MOVE = YES;
				CLANG_WARN_UNGUARDED_AVAILABILITY = YES_AGGRESSIVE;
				CLANG_WARN_UNREACHABLE_CODE = YES;
				CLANG_WARN__DUPLICATE_METHOD_MATCH = YES;
				COPY_PHASE_STRIP = NO;
				DEBUG_INFORMATION_FORMAT = "dwarf-with-dsym";
				ENABLE_NS_ASSERTIONS = NO;
				ENABLE_STRICT_OBJC_MSGSEND = YES;
				GCC_C_LANGUAGE_STANDARD = gnu11;
				GCC_NO_COMMON_BLOCKS = YES;
				GCC_WARN_64_TO_32_BIT_CONVERSION = YES;
				GCC_WARN_ABOUT_RETURN_TYPE = YES_ERROR;
				GCC_WARN_UNDECLARED_SELECTOR = YES;
				GCC_WARN_UNINITIALIZED_AUTOS = YES_AGGRESSIVE;
				GCC_WARN_UNUSED_FUNCTION = YES;
				GCC_WARN_UNUSED_VARIABLE = YES;
				IPHONEOS_DEPLOYMENT_TARGET = 15.0;
				MTL_ENABLE_DEBUG_INFO = NO;
				MTL_FAST_MATH = YES;
				SDKROOT = iphoneos;
				SWIFT_COMPILATION_MODE = wholemodule;
				SWIFT_OPTIMIZATION_LEVEL = "-O";
				VALIDATE_PRODUCT = YES;
			};
			name = Release;
		};
		EA2DC9662707548D007919C1 /* Debug */ = {
			isa = XCBuildConfiguration;
			buildSettings = {
				ASSETCATALOG_COMPILER_APPICON_NAME = AppIcon;
				ASSETCATALOG_COMPILER_GLOBAL_ACCENT_COLOR_NAME = AccentColor;
				CODE_SIGN_STYLE = Automatic;
				CURRENT_PROJECT_VERSION = 1;
				DEVELOPMENT_ASSET_PATHS = "\"opus-mic-swift/Preview Content\"";
				DEVELOPMENT_TEAM = U9T36E7C82;
				ENABLE_PREVIEWS = YES;
				GENERATE_INFOPLIST_FILE = YES;
				INFOPLIST_FILE = "opus-mic-swift/Info.plist";
				INFOPLIST_KEY_NSMicrophoneUsageDescription = "use mic";
				INFOPLIST_KEY_UIApplicationSceneManifest_Generation = YES;
				INFOPLIST_KEY_UIApplicationSupportsIndirectInputEvents = YES;
				INFOPLIST_KEY_UILaunchScreen_Generation = YES;
				INFOPLIST_KEY_UISupportedInterfaceOrientations_iPad = "UIInterfaceOrientationPortrait UIInterfaceOrientationPortraitUpsideDown UIInterfaceOrientationLandscapeLeft UIInterfaceOrientationLandscapeRight";
				INFOPLIST_KEY_UISupportedInterfaceOrientations_iPhone = "UIInterfaceOrientationPortrait UIInterfaceOrientationLandscapeLeft UIInterfaceOrientationLandscapeRight";
				IPHONEOS_DEPLOYMENT_TARGET = 14.0;
				LD_RUNPATH_SEARCH_PATHS = (
					"$(inherited)",
					"@executable_path/Frameworks",
				);
				MARKETING_VERSION = 1.0;
				PRODUCT_BUNDLE_IDENTIFIER = "tw.bxb.opus-mic-swift";
				PRODUCT_NAME = "$(TARGET_NAME)";
				SWIFT_EMIT_LOC_STRINGS = YES;
				SWIFT_VERSION = 5.0;
				TARGETED_DEVICE_FAMILY = "1,2";
			};
			name = Debug;
		};
		EA2DC9672707548D007919C1 /* Release */ = {
			isa = XCBuildConfiguration;
			buildSettings = {
				ASSETCATALOG_COMPILER_APPICON_NAME = AppIcon;
				ASSETCATALOG_COMPILER_GLOBAL_ACCENT_COLOR_NAME = AccentColor;
				CODE_SIGN_STYLE = Automatic;
				CURRENT_PROJECT_VERSION = 1;
				DEVELOPMENT_ASSET_PATHS = "\"opus-mic-swift/Preview Content\"";
				DEVELOPMENT_TEAM = U9T36E7C82;
				ENABLE_PREVIEWS = YES;
				GENERATE_INFOPLIST_FILE = YES;
				INFOPLIST_FILE = "opus-mic-swift/Info.plist";
				INFOPLIST_KEY_NSMicrophoneUsageDescription = "use mic";
				INFOPLIST_KEY_UIApplicationSceneManifest_Generation = YES;
				INFOPLIST_KEY_UIApplicationSupportsIndirectInputEvents = YES;
				INFOPLIST_KEY_UILaunchScreen_Generation = YES;
				INFOPLIST_KEY_UISupportedInterfaceOrientations_iPad = "UIInterfaceOrientationPortrait UIInterfaceOrientationPortraitUpsideDown UIInterfaceOrientationLandscapeLeft UIInterfaceOrientationLandscapeRight";
				INFOPLIST_KEY_UISupportedInterfaceOrientations_iPhone = "UIInterfaceOrientationPortrait UIInterfaceOrientationLandscapeLeft UIInterfaceOrientationLandscapeRight";
				IPHONEOS_DEPLOYMENT_TARGET = 14.0;
				LD_RUNPATH_SEARCH_PATHS = (
					"$(inherited)",
					"@executable_path/Frameworks",
				);
				MARKETING_VERSION = 1.0;
				PRODUCT_BUNDLE_IDENTIFIER = "tw.bxb.opus-mic-swift";
				PRODUCT_NAME = "$(TARGET_NAME)";
				SWIFT_EMIT_LOC_STRINGS = YES;
				SWIFT_VERSION = 5.0;
				TARGETED_DEVICE_FAMILY = "1,2";
			};
			name = Release;
		};
		EA2DC9692707548D007919C1 /* Debug */ = {
			isa = XCBuildConfiguration;
			buildSettings = {
				ALWAYS_EMBED_SWIFT_STANDARD_LIBRARIES = YES;
				BUNDLE_LOADER = "$(TEST_HOST)";
				CODE_SIGN_STYLE = Automatic;
				CURRENT_PROJECT_VERSION = 1;
				DEVELOPMENT_TEAM = U9T36E7C82;
				GENERATE_INFOPLIST_FILE = YES;
				IPHONEOS_DEPLOYMENT_TARGET = 14.0;
				LD_RUNPATH_SEARCH_PATHS = (
					"$(inherited)",
					"@executable_path/Frameworks",
					"@loader_path/Frameworks",
				);
				MARKETING_VERSION = 1.0;
				PRODUCT_BUNDLE_IDENTIFIER = "tw.bxb.opus-mic-swiftTests";
				PRODUCT_NAME = "$(TARGET_NAME)";
				SWIFT_EMIT_LOC_STRINGS = NO;
				SWIFT_VERSION = 5.0;
				TARGETED_DEVICE_FAMILY = "1,2";
				TEST_HOST = "$(BUILT_PRODUCTS_DIR)/opus-mic-swift.app/opus-mic-swift";
			};
			name = Debug;
		};
		EA2DC96A2707548D007919C1 /* Release */ = {
			isa = XCBuildConfiguration;
			buildSettings = {
				ALWAYS_EMBED_SWIFT_STANDARD_LIBRARIES = YES;
				BUNDLE_LOADER = "$(TEST_HOST)";
				CODE_SIGN_STYLE = Automatic;
				CURRENT_PROJECT_VERSION = 1;
				DEVELOPMENT_TEAM = U9T36E7C82;
				GENERATE_INFOPLIST_FILE = YES;
				IPHONEOS_DEPLOYMENT_TARGET = 14.0;
				LD_RUNPATH_SEARCH_PATHS = (
					"$(inherited)",
					"@executable_path/Frameworks",
					"@loader_path/Frameworks",
				);
				MARKETING_VERSION = 1.0;
				PRODUCT_BUNDLE_IDENTIFIER = "tw.bxb.opus-mic-swiftTests";
				PRODUCT_NAME = "$(TARGET_NAME)";
				SWIFT_EMIT_LOC_STRINGS = NO;
				SWIFT_VERSION = 5.0;
				TARGETED_DEVICE_FAMILY = "1,2";
				TEST_HOST = "$(BUILT_PRODUCTS_DIR)/opus-mic-swift.app/opus-mic-swift";
			};
			name = Release;
		};
		EA2DC96C2707548D007919C1 /* Debug */ = {
			isa = XCBuildConfiguration;
			buildSettings = {
				ALWAYS_EMBED_SWIFT_STANDARD_LIBRARIES = YES;
				CODE_SIGN_STYLE = Automatic;
				CURRENT_PROJECT_VERSION = 1;
				DEVELOPMENT_TEAM = U9T36E7C82;
				GENERATE_INFOPLIST_FILE = YES;
				LD_RUNPATH_SEARCH_PATHS = (
					"$(inherited)",
					"@executable_path/Frameworks",
					"@loader_path/Frameworks",
				);
				MARKETING_VERSION = 1.0;
				PRODUCT_BUNDLE_IDENTIFIER = "tw.bxb.opus-mic-swiftUITests";
				PRODUCT_NAME = "$(TARGET_NAME)";
				SWIFT_EMIT_LOC_STRINGS = NO;
				SWIFT_VERSION = 5.0;
				TARGETED_DEVICE_FAMILY = "1,2";
				TEST_TARGET_NAME = "opus-mic-swift";
			};
			name = Debug;
		};
		EA2DC96D2707548D007919C1 /* Release */ = {
			isa = XCBuildConfiguration;
			buildSettings = {
				ALWAYS_EMBED_SWIFT_STANDARD_LIBRARIES = YES;
				CODE_SIGN_STYLE = Automatic;
				CURRENT_PROJECT_VERSION = 1;
				DEVELOPMENT_TEAM = U9T36E7C82;
				GENERATE_INFOPLIST_FILE = YES;
				LD_RUNPATH_SEARCH_PATHS = (
					"$(inherited)",
					"@executable_path/Frameworks",
					"@loader_path/Frameworks",
				);
				MARKETING_VERSION = 1.0;
				PRODUCT_BUNDLE_IDENTIFIER = "tw.bxb.opus-mic-swiftUITests";
				PRODUCT_NAME = "$(TARGET_NAME)";
				SWIFT_EMIT_LOC_STRINGS = NO;
				SWIFT_VERSION = 5.0;
				TARGETED_DEVICE_FAMILY = "1,2";
				TEST_TARGET_NAME = "opus-mic-swift";
			};
			name = Release;
		};
/* End XCBuildConfiguration section */

/* Begin XCConfigurationList section */
		EA2DC93C2707548B007919C1 /* Build configuration list for PBXProject "opus-mic-swift" */ = {
			isa = XCConfigurationList;
			buildConfigurations = (
				EA2DC9632707548D007919C1 /* Debug */,
				EA2DC9642707548D007919C1 /* Release */,
			);
			defaultConfigurationIsVisible = 0;
			defaultConfigurationName = Release;
		};
		EA2DC9652707548D007919C1 /* Build configuration list for PBXNativeTarget "opus-mic-swift" */ = {
			isa = XCConfigurationList;
			buildConfigurations = (
				EA2DC9662707548D007919C1 /* Debug */,
				EA2DC9672707548D007919C1 /* Release */,
			);
			defaultConfigurationIsVisible = 0;
			defaultConfigurationName = Release;
		};
		EA2DC9682707548D007919C1 /* Build configuration list for PBXNativeTarget "opus-mic-swiftTests" */ = {
			isa = XCConfigurationList;
			buildConfigurations = (
				EA2DC9692707548D007919C1 /* Debug */,
				EA2DC96A2707548D007919C1 /* Release */,
			);
			defaultConfigurationIsVisible = 0;
			defaultConfigurationName = Release;
		};
		EA2DC96B2707548D007919C1 /* Build configuration list for PBXNativeTarget "opus-mic-swiftUITests" */ = {
			isa = XCConfigurationList;
			buildConfigurations = (
				EA2DC96C2707548D007919C1 /* Debug */,
				EA2DC96D2707548D007919C1 /* Release */,
			);
			defaultConfigurationIsVisible = 0;
			defaultConfigurationName = Release;
		};
/* End XCConfigurationList section */
	};
	rootObject = EA2DC9392707548B007919C1 /* Project object */;
}
